// !$*UTF8*$!
{
	archiveVersion = 1;
	classes = {
	};
	objectVersion = 56;
	objects = {

/* Begin PBXBuildFile section */
		509DE0E92A3A4F31009412E7 /* ProfileView.swift in Sources */ = {isa = PBXBuildFile; fileRef = 509DE0E82A3A4F31009412E7 /* ProfileView.swift */; };
		509DE0EB2A3A4FC7009412E7 /* ToDoListItemsView.swift in Sources */ = {isa = PBXBuildFile; fileRef = 509DE0EA2A3A4FC7009412E7 /* ToDoListItemsView.swift */; };
		509DE0ED2A3A4FDC009412E7 /* NewItemView.swift in Sources */ = {isa = PBXBuildFile; fileRef = 509DE0EC2A3A4FDC009412E7 /* NewItemView.swift */; };
		509DE0EF2A3A4FF0009412E7 /* LoginView.swift in Sources */ = {isa = PBXBuildFile; fileRef = 509DE0EE2A3A4FF0009412E7 /* LoginView.swift */; };
		509DE0F12A3A5002009412E7 /* RegisterView.swift in Sources */ = {isa = PBXBuildFile; fileRef = 509DE0F02A3A5002009412E7 /* RegisterView.swift */; };
		509DE0F32A3A5036009412E7 /* ToDoListItemView.swift in Sources */ = {isa = PBXBuildFile; fileRef = 509DE0F22A3A5036009412E7 /* ToDoListItemView.swift */; };
		509DE0F52A3A5068009412E7 /* User.swift in Sources */ = {isa = PBXBuildFile; fileRef = 509DE0F42A3A5068009412E7 /* User.swift */; };
		509DE0F72A3A5072009412E7 /* ToDoListItem.swift in Sources */ = {isa = PBXBuildFile; fileRef = 509DE0F62A3A5072009412E7 /* ToDoListItem.swift */; };
		509DE0F92A3A5096009412E7 /* MainViewModel.swift in Sources */ = {isa = PBXBuildFile; fileRef = 509DE0F82A3A5096009412E7 /* MainViewModel.swift */; };
		509DE0FB2A3A50A3009412E7 /* ProfileiewModel.swift in Sources */ = {isa = PBXBuildFile; fileRef = 509DE0FA2A3A50A3009412E7 /* ProfileiewModel.swift */; };
		509DE0FD2A3A50C2009412E7 /* ToDoListItemsViewModel.swift in Sources */ = {isa = PBXBuildFile; fileRef = 509DE0FC2A3A50C2009412E7 /* ToDoListItemsViewModel.swift */; };
		509DE0FF2A3A50D1009412E7 /* NewItemViewModel.swift in Sources */ = {isa = PBXBuildFile; fileRef = 509DE0FE2A3A50D1009412E7 /* NewItemViewModel.swift */; };
		509DE1012A3A50DA009412E7 /* LoginViewModel.swift in Sources */ = {isa = PBXBuildFile; fileRef = 509DE1002A3A50DA009412E7 /* LoginViewModel.swift */; };
		509DE1032A3A50E4009412E7 /* RegisterViewModel.swift in Sources */ = {isa = PBXBuildFile; fileRef = 509DE1022A3A50E4009412E7 /* RegisterViewModel.swift */; };
		509DE1052A3A50F2009412E7 /* ToDoListItemViewModel.swift in Sources */ = {isa = PBXBuildFile; fileRef = 509DE1042A3A50F2009412E7 /* ToDoListItemViewModel.swift */; };
		509DE1072A3A5387009412E7 /* HeaderView.swift in Sources */ = {isa = PBXBuildFile; fileRef = 509DE1062A3A5387009412E7 /* HeaderView.swift */; };
		50C7AF192A390719005A95CA /* TodoAppSwiftUIApp.swift in Sources */ = {isa = PBXBuildFile; fileRef = 50C7AF182A390719005A95CA /* TodoAppSwiftUIApp.swift */; };
		50C7AF1B2A390719005A95CA /* MainView.swift in Sources */ = {isa = PBXBuildFile; fileRef = 50C7AF1A2A390719005A95CA /* MainView.swift */; };
		50C7AF1D2A39071A005A95CA /* Assets.xcassets in Resources */ = {isa = PBXBuildFile; fileRef = 50C7AF1C2A39071A005A95CA /* Assets.xcassets */; };
		50C7AF202A39071A005A95CA /* Preview Assets.xcassets in Resources */ = {isa = PBXBuildFile; fileRef = 50C7AF1F2A39071A005A95CA /* Preview Assets.xcassets */; };
		50C7AF2A2A39071A005A95CA /* TodoAppSwiftUITests.swift in Sources */ = {isa = PBXBuildFile; fileRef = 50C7AF292A39071A005A95CA /* TodoAppSwiftUITests.swift */; };
		50C7AF342A39071A005A95CA /* TodoAppSwiftUIUITests.swift in Sources */ = {isa = PBXBuildFile; fileRef = 50C7AF332A39071A005A95CA /* TodoAppSwiftUIUITests.swift */; };
		50C7AF362A39071A005A95CA /* TodoAppSwiftUIUITestsLaunchTests.swift in Sources */ = {isa = PBXBuildFile; fileRef = 50C7AF352A39071A005A95CA /* TodoAppSwiftUIUITestsLaunchTests.swift */; };
/* End PBXBuildFile section */

/* Begin PBXContainerItemProxy section */
		50C7AF262A39071A005A95CA /* PBXContainerItemProxy */ = {
			isa = PBXContainerItemProxy;
			containerPortal = 50C7AF0D2A390719005A95CA /* Project object */;
			proxyType = 1;
			remoteGlobalIDString = 50C7AF142A390719005A95CA;
			remoteInfo = TodoAppSwiftUI;
		};
		50C7AF302A39071A005A95CA /* PBXContainerItemProxy */ = {
			isa = PBXContainerItemProxy;
			containerPortal = 50C7AF0D2A390719005A95CA /* Project object */;
			proxyType = 1;
			remoteGlobalIDString = 50C7AF142A390719005A95CA;
			remoteInfo = TodoAppSwiftUI;
		};
/* End PBXContainerItemProxy section */

/* Begin PBXFileReference section */
		509DE0E82A3A4F31009412E7 /* ProfileView.swift */ = {isa = PBXFileReference; lastKnownFileType = sourcecode.swift; path = ProfileView.swift; sourceTree = "<group>"; };
		509DE0EA2A3A4FC7009412E7 /* ToDoListItemsView.swift */ = {isa = PBXFileReference; lastKnownFileType = sourcecode.swift; path = ToDoListItemsView.swift; sourceTree = "<group>"; };
		509DE0EC2A3A4FDC009412E7 /* NewItemView.swift */ = {isa = PBXFileReference; lastKnownFileType = sourcecode.swift; path = NewItemView.swift; sourceTree = "<group>"; };
		509DE0EE2A3A4FF0009412E7 /* LoginView.swift */ = {isa = PBXFileReference; lastKnownFileType = sourcecode.swift; path = LoginView.swift; sourceTree = "<group>"; };
		509DE0F02A3A5002009412E7 /* RegisterView.swift */ = {isa = PBXFileReference; lastKnownFileType = sourcecode.swift; path = RegisterView.swift; sourceTree = "<group>"; };
		509DE0F22A3A5036009412E7 /* ToDoListItemView.swift */ = {isa = PBXFileReference; lastKnownFileType = sourcecode.swift; path = ToDoListItemView.swift; sourceTree = "<group>"; };
		509DE0F42A3A5068009412E7 /* User.swift */ = {isa = PBXFileReference; lastKnownFileType = sourcecode.swift; path = User.swift; sourceTree = "<group>"; };
		509DE0F62A3A5072009412E7 /* ToDoListItem.swift */ = {isa = PBXFileReference; lastKnownFileType = sourcecode.swift; path = ToDoListItem.swift; sourceTree = "<group>"; };
		509DE0F82A3A5096009412E7 /* MainViewModel.swift */ = {isa = PBXFileReference; lastKnownFileType = sourcecode.swift; path = MainViewModel.swift; sourceTree = "<group>"; };
		509DE0FA2A3A50A3009412E7 /* ProfileiewModel.swift */ = {isa = PBXFileReference; lastKnownFileType = sourcecode.swift; path = ProfileiewModel.swift; sourceTree = "<group>"; };
		509DE0FC2A3A50C2009412E7 /* ToDoListItemsViewModel.swift */ = {isa = PBXFileReference; lastKnownFileType = sourcecode.swift; path = ToDoListItemsViewModel.swift; sourceTree = "<group>"; };
		509DE0FE2A3A50D1009412E7 /* NewItemViewModel.swift */ = {isa = PBXFileReference; lastKnownFileType = sourcecode.swift; path = NewItemViewModel.swift; sourceTree = "<group>"; };
		509DE1002A3A50DA009412E7 /* LoginViewModel.swift */ = {isa = PBXFileReference; lastKnownFileType = sourcecode.swift; path = LoginViewModel.swift; sourceTree = "<group>"; };
		509DE1022A3A50E4009412E7 /* RegisterViewModel.swift */ = {isa = PBXFileReference; lastKnownFileType = sourcecode.swift; path = RegisterViewModel.swift; sourceTree = "<group>"; };
		509DE1042A3A50F2009412E7 /* ToDoListItemViewModel.swift */ = {isa = PBXFileReference; lastKnownFileType = sourcecode.swift; path = ToDoListItemViewModel.swift; sourceTree = "<group>"; };
		509DE1062A3A5387009412E7 /* HeaderView.swift */ = {isa = PBXFileReference; lastKnownFileType = sourcecode.swift; path = HeaderView.swift; sourceTree = "<group>"; };
		50C7AF152A390719005A95CA /* TodoAppSwiftUI.app */ = {isa = PBXFileReference; explicitFileType = wrapper.application; includeInIndex = 0; path = TodoAppSwiftUI.app; sourceTree = BUILT_PRODUCTS_DIR; };
		50C7AF182A390719005A95CA /* TodoAppSwiftUIApp.swift */ = {isa = PBXFileReference; lastKnownFileType = sourcecode.swift; path = TodoAppSwiftUIApp.swift; sourceTree = "<group>"; };
		50C7AF1A2A390719005A95CA /* MainView.swift */ = {isa = PBXFileReference; lastKnownFileType = sourcecode.swift; path = MainView.swift; sourceTree = "<group>"; };
		50C7AF1C2A39071A005A95CA /* Assets.xcassets */ = {isa = PBXFileReference; lastKnownFileType = folder.assetcatalog; path = Assets.xcassets; sourceTree = "<group>"; };
		50C7AF1F2A39071A005A95CA /* Preview Assets.xcassets */ = {isa = PBXFileReference; lastKnownFileType = folder.assetcatalog; path = "Preview Assets.xcassets"; sourceTree = "<group>"; };
		50C7AF252A39071A005A95CA /* TodoAppSwiftUITests.xctest */ = {isa = PBXFileReference; explicitFileType = wrapper.cfbundle; includeInIndex = 0; path = TodoAppSwiftUITests.xctest; sourceTree = BUILT_PRODUCTS_DIR; };
		50C7AF292A39071A005A95CA /* TodoAppSwiftUITests.swift */ = {isa = PBXFileReference; lastKnownFileType = sourcecode.swift; path = TodoAppSwiftUITests.swift; sourceTree = "<group>"; };
		50C7AF2F2A39071A005A95CA /* TodoAppSwiftUIUITests.xctest */ = {isa = PBXFileReference; explicitFileType = wrapper.cfbundle; includeInIndex = 0; path = TodoAppSwiftUIUITests.xctest; sourceTree = BUILT_PRODUCTS_DIR; };
		50C7AF332A39071A005A95CA /* TodoAppSwiftUIUITests.swift */ = {isa = PBXFileReference; lastKnownFileType = sourcecode.swift; path = TodoAppSwiftUIUITests.swift; sourceTree = "<group>"; };
		50C7AF352A39071A005A95CA /* TodoAppSwiftUIUITestsLaunchTests.swift */ = {isa = PBXFileReference; lastKnownFileType = sourcecode.swift; path = TodoAppSwiftUIUITestsLaunchTests.swift; sourceTree = "<group>"; };
/* End PBXFileReference section */

/* Begin PBXFrameworksBuildPhase section */
		50C7AF122A390719005A95CA /* Frameworks */ = {
			isa = PBXFrameworksBuildPhase;
			buildActionMask = 2147483647;
			files = (
			);
			runOnlyForDeploymentPostprocessing = 0;
		};
		50C7AF222A39071A005A95CA /* Frameworks */ = {
			isa = PBXFrameworksBuildPhase;
			buildActionMask = 2147483647;
			files = (
			);
			runOnlyForDeploymentPostprocessing = 0;
		};
		50C7AF2C2A39071A005A95CA /* Frameworks */ = {
			isa = PBXFrameworksBuildPhase;
			buildActionMask = 2147483647;
			files = (
			);
			runOnlyForDeploymentPostprocessing = 0;
		};
/* End PBXFrameworksBuildPhase section */

/* Begin PBXGroup section */
		509DE0E32A3A4EA5009412E7 /* Views */ = {
			isa = PBXGroup;
			children = (
				50C7AF1A2A390719005A95CA /* MainView.swift */,
				509DE0E82A3A4F31009412E7 /* ProfileView.swift */,
				509DE0EA2A3A4FC7009412E7 /* ToDoListItemsView.swift */,
				509DE0EC2A3A4FDC009412E7 /* NewItemView.swift */,
				509DE0EE2A3A4FF0009412E7 /* LoginView.swift */,
				509DE0F02A3A5002009412E7 /* RegisterView.swift */,
				509DE0F22A3A5036009412E7 /* ToDoListItemView.swift */,
				509DE1062A3A5387009412E7 /* HeaderView.swift */,
			);
			path = Views;
			sourceTree = "<group>";
		};
		509DE0E52A3A4EB3009412E7 /* ViewModels */ = {
			isa = PBXGroup;
			children = (
				509DE0F82A3A5096009412E7 /* MainViewModel.swift */,
				509DE0FA2A3A50A3009412E7 /* ProfileiewModel.swift */,
				509DE0FC2A3A50C2009412E7 /* ToDoListItemsViewModel.swift */,
				509DE0FE2A3A50D1009412E7 /* NewItemViewModel.swift */,
				509DE1002A3A50DA009412E7 /* LoginViewModel.swift */,
				509DE1022A3A50E4009412E7 /* RegisterViewModel.swift */,
				509DE1042A3A50F2009412E7 /* ToDoListItemViewModel.swift */,
			);
			path = ViewModels;
			sourceTree = "<group>";
		};
		509DE0E62A3A4EC2009412E7 /* Models */ = {
			isa = PBXGroup;
			children = (
				509DE0F42A3A5068009412E7 /* User.swift */,
				509DE0F62A3A5072009412E7 /* ToDoListItem.swift */,
			);
			path = Models;
			sourceTree = "<group>";
		};
		509DE0E72A3A4ED7009412E7 /* Other */ = {
			isa = PBXGroup;
			children = (
			);
			path = Other;
			sourceTree = "<group>";
		};
		50C7AF0C2A390719005A95CA = {
			isa = PBXGroup;
			children = (
				50C7AF172A390719005A95CA /* TodoAppSwiftUI */,
				50C7AF282A39071A005A95CA /* TodoAppSwiftUITests */,
				50C7AF322A39071A005A95CA /* TodoAppSwiftUIUITests */,
				50C7AF162A390719005A95CA /* Products */,
			);
			sourceTree = "<group>";
		};
		50C7AF162A390719005A95CA /* Products */ = {
			isa = PBXGroup;
			children = (
				50C7AF152A390719005A95CA /* TodoAppSwiftUI.app */,
				50C7AF252A39071A005A95CA /* TodoAppSwiftUITests.xctest */,
				50C7AF2F2A39071A005A95CA /* TodoAppSwiftUIUITests.xctest */,
			);
			name = Products;
			sourceTree = "<group>";
		};
		50C7AF172A390719005A95CA /* TodoAppSwiftUI */ = {
			isa = PBXGroup;
			children = (
				50C7AF182A390719005A95CA /* TodoAppSwiftUIApp.swift */,
				509DE0E72A3A4ED7009412E7 /* Other */,
				509DE0E62A3A4EC2009412E7 /* Models */,
				509DE0E52A3A4EB3009412E7 /* ViewModels */,
				509DE0E32A3A4EA5009412E7 /* Views */,
				50C7AF1C2A39071A005A95CA /* Assets.xcassets */,
				50C7AF1E2A39071A005A95CA /* Preview Content */,
			);
			path = TodoAppSwiftUI;
			sourceTree = "<group>";
		};
		50C7AF1E2A39071A005A95CA /* Preview Content */ = {
			isa = PBXGroup;
			children = (
				50C7AF1F2A39071A005A95CA /* Preview Assets.xcassets */,
			);
			path = "Preview Content";
			sourceTree = "<group>";
		};
		50C7AF282A39071A005A95CA /* TodoAppSwiftUITests */ = {
			isa = PBXGroup;
			children = (
				50C7AF292A39071A005A95CA /* TodoAppSwiftUITests.swift */,
			);
			path = TodoAppSwiftUITests;
			sourceTree = "<group>";
		};
		50C7AF322A39071A005A95CA /* TodoAppSwiftUIUITests */ = {
			isa = PBXGroup;
			children = (
				50C7AF332A39071A005A95CA /* TodoAppSwiftUIUITests.swift */,
				50C7AF352A39071A005A95CA /* TodoAppSwiftUIUITestsLaunchTests.swift */,
			);
			path = TodoAppSwiftUIUITests;
			sourceTree = "<group>";
		};
/* End PBXGroup section */

/* Begin PBXNativeTarget section */
		50C7AF142A390719005A95CA /* TodoAppSwiftUI */ = {
			isa = PBXNativeTarget;
			buildConfigurationList = 50C7AF392A39071A005A95CA /* Build configuration list for PBXNativeTarget "TodoAppSwiftUI" */;
			buildPhases = (
				50C7AF112A390719005A95CA /* Sources */,
				50C7AF122A390719005A95CA /* Frameworks */,
				50C7AF132A390719005A95CA /* Resources */,
			);
			buildRules = (
			);
			dependencies = (
			);
			name = TodoAppSwiftUI;
			productName = TodoAppSwiftUI;
			productReference = 50C7AF152A390719005A95CA /* TodoAppSwiftUI.app */;
			productType = "com.apple.product-type.application";
		};
		50C7AF242A39071A005A95CA /* TodoAppSwiftUITests */ = {
			isa = PBXNativeTarget;
			buildConfigurationList = 50C7AF3C2A39071A005A95CA /* Build configuration list for PBXNativeTarget "TodoAppSwiftUITests" */;
			buildPhases = (
				50C7AF212A39071A005A95CA /* Sources */,
				50C7AF222A39071A005A95CA /* Frameworks */,
				50C7AF232A39071A005A95CA /* Resources */,
			);
			buildRules = (
			);
			dependencies = (
				50C7AF272A39071A005A95CA /* PBXTargetDependency */,
			);
			name = TodoAppSwiftUITests;
			productName = TodoAppSwiftUITests;
			productReference = 50C7AF252A39071A005A95CA /* TodoAppSwiftUITests.xctest */;
			productType = "com.apple.product-type.bundle.unit-test";
		};
		50C7AF2E2A39071A005A95CA /* TodoAppSwiftUIUITests */ = {
			isa = PBXNativeTarget;
			buildConfigurationList = 50C7AF3F2A39071A005A95CA /* Build configuration list for PBXNativeTarget "TodoAppSwiftUIUITests" */;
			buildPhases = (
				50C7AF2B2A39071A005A95CA /* Sources */,
				50C7AF2C2A39071A005A95CA /* Frameworks */,
				50C7AF2D2A39071A005A95CA /* Resources */,
			);
			buildRules = (
			);
			dependencies = (
				50C7AF312A39071A005A95CA /* PBXTargetDependency */,
			);
			name = TodoAppSwiftUIUITests;
			productName = TodoAppSwiftUIUITests;
			productReference = 50C7AF2F2A39071A005A95CA /* TodoAppSwiftUIUITests.xctest */;
			productType = "com.apple.product-type.bundle.ui-testing";
		};
/* End PBXNativeTarget section */

/* Begin PBXProject section */
		50C7AF0D2A390719005A95CA /* Project object */ = {
			isa = PBXProject;
			attributes = {
				BuildIndependentTargetsInParallel = 1;
				LastSwiftUpdateCheck = 1430;
				LastUpgradeCheck = 1430;
				TargetAttributes = {
					50C7AF142A390719005A95CA = {
						CreatedOnToolsVersion = 14.3.1;
					};
					50C7AF242A39071A005A95CA = {
						CreatedOnToolsVersion = 14.3.1;
						TestTargetID = 50C7AF142A390719005A95CA;
					};
					50C7AF2E2A39071A005A95CA = {
						CreatedOnToolsVersion = 14.3.1;
						TestTargetID = 50C7AF142A390719005A95CA;
					};
				};
			};
			buildConfigurationList = 50C7AF102A390719005A95CA /* Build configuration list for PBXProject "TodoAppSwiftUI" */;
			compatibilityVersion = "Xcode 14.0";
			developmentRegion = en;
			hasScannedForEncodings = 0;
			knownRegions = (
				en,
				Base,
			);
			mainGroup = 50C7AF0C2A390719005A95CA;
			productRefGroup = 50C7AF162A390719005A95CA /* Products */;
			projectDirPath = "";
			projectRoot = "";
			targets = (
				50C7AF142A390719005A95CA /* TodoAppSwiftUI */,
				50C7AF242A39071A005A95CA /* TodoAppSwiftUITests */,
				50C7AF2E2A39071A005A95CA /* TodoAppSwiftUIUITests */,
			);
		};
/* End PBXProject section */

/* Begin PBXResourcesBuildPhase section */
		50C7AF132A390719005A95CA /* Resources */ = {
			isa = PBXResourcesBuildPhase;
			buildActionMask = 2147483647;
			files = (
				50C7AF202A39071A005A95CA /* Preview Assets.xcassets in Resources */,
				50C7AF1D2A39071A005A95CA /* Assets.xcassets in Resources */,
			);
			runOnlyForDeploymentPostprocessing = 0;
		};
		50C7AF232A39071A005A95CA /* Resources */ = {
			isa = PBXResourcesBuildPhase;
			buildActionMask = 2147483647;
			files = (
			);
			runOnlyForDeploymentPostprocessing = 0;
		};
		50C7AF2D2A39071A005A95CA /* Resources */ = {
			isa = PBXResourcesBuildPhase;
			buildActionMask = 2147483647;
			files = (
			);
			runOnlyForDeploymentPostprocessing = 0;
		};
/* End PBXResourcesBuildPhase section */

/* Begin PBXSourcesBuildPhase section */
		50C7AF112A390719005A95CA /* Sources */ = {
			isa = PBXSourcesBuildPhase;
			buildActionMask = 2147483647;
			files = (
				509DE0EF2A3A4FF0009412E7 /* LoginView.swift in Sources */,
				509DE1072A3A5387009412E7 /* HeaderView.swift in Sources */,
				50C7AF1B2A390719005A95CA /* MainView.swift in Sources */,
				509DE0F92A3A5096009412E7 /* MainViewModel.swift in Sources */,
				509DE1032A3A50E4009412E7 /* RegisterViewModel.swift in Sources */,
				509DE0EB2A3A4FC7009412E7 /* ToDoListItemsView.swift in Sources */,
				509DE0F12A3A5002009412E7 /* RegisterView.swift in Sources */,
				509DE0FB2A3A50A3009412E7 /* ProfileiewModel.swift in Sources */,
				509DE0E92A3A4F31009412E7 /* ProfileView.swift in Sources */,
				509DE0F52A3A5068009412E7 /* User.swift in Sources */,
				509DE1052A3A50F2009412E7 /* ToDoListItemViewModel.swift in Sources */,
				509DE1012A3A50DA009412E7 /* LoginViewModel.swift in Sources */,
				509DE0FF2A3A50D1009412E7 /* NewItemViewModel.swift in Sources */,
				509DE0F32A3A5036009412E7 /* ToDoListItemView.swift in Sources */,
				50C7AF192A390719005A95CA /* TodoAppSwiftUIApp.swift in Sources */,
				509DE0F72A3A5072009412E7 /* ToDoListItem.swift in Sources */,
				509DE0FD2A3A50C2009412E7 /* ToDoListItemsViewModel.swift in Sources */,
				509DE0ED2A3A4FDC009412E7 /* NewItemView.swift in Sources */,
			);
			runOnlyForDeploymentPostprocessing = 0;
		};
		50C7AF212A39071A005A95CA /* Sources */ = {
			isa = PBXSourcesBuildPhase;
			buildActionMask = 2147483647;
			files = (
				50C7AF2A2A39071A005A95CA /* TodoAppSwiftUITests.swift in Sources */,
			);
			runOnlyForDeploymentPostprocessing = 0;
		};
		50C7AF2B2A39071A005A95CA /* Sources */ = {
			isa = PBXSourcesBuildPhase;
			buildActionMask = 2147483647;
			files = (
				50C7AF362A39071A005A95CA /* TodoAppSwiftUIUITestsLaunchTests.swift in Sources */,
				50C7AF342A39071A005A95CA /* TodoAppSwiftUIUITests.swift in Sources */,
			);
			runOnlyForDeploymentPostprocessing = 0;
		};
/* End PBXSourcesBuildPhase section */

/* Begin PBXTargetDependency section */
		50C7AF272A39071A005A95CA /* PBXTargetDependency */ = {
			isa = PBXTargetDependency;
			target = 50C7AF142A390719005A95CA /* TodoAppSwiftUI */;
			targetProxy = 50C7AF262A39071A005A95CA /* PBXContainerItemProxy */;
		};
		50C7AF312A39071A005A95CA /* PBXTargetDependency */ = {
			isa = PBXTargetDependency;
			target = 50C7AF142A390719005A95CA /* TodoAppSwiftUI */;
			targetProxy = 50C7AF302A39071A005A95CA /* PBXContainerItemProxy */;
		};
/* End PBXTargetDependency section */

/* Begin XCBuildConfiguration section */
		50C7AF372A39071A005A95CA /* Debug */ = {
			isa = XCBuildConfiguration;
			buildSettings = {
				ALWAYS_SEARCH_USER_PATHS = NO;
				CLANG_ANALYZER_NONNULL = YES;
				CLANG_ANALYZER_NUMBER_OBJECT_CONVERSION = YES_AGGRESSIVE;
				CLANG_CXX_LANGUAGE_STANDARD = "gnu++20";
				CLANG_ENABLE_MODULES = YES;
				CLANG_ENABLE_OBJC_ARC = YES;
				CLANG_ENABLE_OBJC_WEAK = YES;
				CLANG_WARN_BLOCK_CAPTURE_AUTORELEASING = YES;
				CLANG_WARN_BOOL_CONVERSION = YES;
				CLANG_WARN_COMMA = YES;
				CLANG_WARN_CONSTANT_CONVERSION = YES;
				CLANG_WARN_DEPRECATED_OBJC_IMPLEMENTATIONS = YES;
				CLANG_WARN_DIRECT_OBJC_ISA_USAGE = YES_ERROR;
				CLANG_WARN_DOCUMENTATION_COMMENTS = YES;
				CLANG_WARN_EMPTY_BODY = YES;
				CLANG_WARN_ENUM_CONVERSION = YES;
				CLANG_WARN_INFINITE_RECURSION = YES;
				CLANG_WARN_INT_CONVERSION = YES;
				CLANG_WARN_NON_LITERAL_NULL_CONVERSION = YES;
				CLANG_WARN_OBJC_IMPLICIT_RETAIN_SELF = YES;
				CLANG_WARN_OBJC_LITERAL_CONVERSION = YES;
				CLANG_WARN_OBJC_ROOT_CLASS = YES_ERROR;
				CLANG_WARN_QUOTED_INCLUDE_IN_FRAMEWORK_HEADER = YES;
				CLANG_WARN_RANGE_LOOP_ANALYSIS = YES;
				CLANG_WARN_STRICT_PROTOTYPES = YES;
				CLANG_WARN_SUSPICIOUS_MOVE = YES;
				CLANG_WARN_UNGUARDED_AVAILABILITY = YES_AGGRESSIVE;
				CLANG_WARN_UNREACHABLE_CODE = YES;
				CLANG_WARN__DUPLICATE_METHOD_MATCH = YES;
				COPY_PHASE_STRIP = NO;
				DEBUG_INFORMATION_FORMAT = dwarf;
				ENABLE_STRICT_OBJC_MSGSEND = YES;
				ENABLE_TESTABILITY = YES;
				GCC_C_LANGUAGE_STANDARD = gnu11;
				GCC_DYNAMIC_NO_PIC = NO;
				GCC_NO_COMMON_BLOCKS = YES;
				GCC_OPTIMIZATION_LEVEL = 0;
				GCC_PREPROCESSOR_DEFINITIONS = (
					"DEBUG=1",
					"$(inherited)",
				);
				GCC_WARN_64_TO_32_BIT_CONVERSION = YES;
				GCC_WARN_ABOUT_RETURN_TYPE = YES_ERROR;
				GCC_WARN_UNDECLARED_SELECTOR = YES;
				GCC_WARN_UNINITIALIZED_AUTOS = YES_AGGRESSIVE;
				GCC_WARN_UNUSED_FUNCTION = YES;
				GCC_WARN_UNUSED_VARIABLE = YES;
				IPHONEOS_DEPLOYMENT_TARGET = 16.4;
				MTL_ENABLE_DEBUG_INFO = INCLUDE_SOURCE;
				MTL_FAST_MATH = YES;
				ONLY_ACTIVE_ARCH = YES;
				SDKROOT = iphoneos;
				SWIFT_ACTIVE_COMPILATION_CONDITIONS = DEBUG;
				SWIFT_OPTIMIZATION_LEVEL = "-Onone";
			};
			name = Debug;
		};
		50C7AF382A39071A005A95CA /* Release */ = {
			isa = XCBuildConfiguration;
			buildSettings = {
				ALWAYS_SEARCH_USER_PATHS = NO;
				CLANG_ANALYZER_NONNULL = YES;
				CLANG_ANALYZER_NUMBER_OBJECT_CONVERSION = YES_AGGRESSIVE;
				CLANG_CXX_LANGUAGE_STANDARD = "gnu++20";
				CLANG_ENABLE_MODULES = YES;
				CLANG_ENABLE_OBJC_ARC = YES;
				CLANG_ENABLE_OBJC_WEAK = YES;
				CLANG_WARN_BLOCK_CAPTURE_AUTORELEASING = YES;
				CLANG_WARN_BOOL_CONVERSION = YES;
				CLANG_WARN_COMMA = YES;
				CLANG_WARN_CONSTANT_CONVERSION = YES;
				CLANG_WARN_DEPRECATED_OBJC_IMPLEMENTATIONS = YES;
				CLANG_WARN_DIRECT_OBJC_ISA_USAGE = YES_ERROR;
				CLANG_WARN_DOCUMENTATION_COMMENTS = YES;
				CLANG_WARN_EMPTY_BODY = YES;
				CLANG_WARN_ENUM_CONVERSION = YES;
				CLANG_WARN_INFINITE_RECURSION = YES;
				CLANG_WARN_INT_CONVERSION = YES;
				CLANG_WARN_NON_LITERAL_NULL_CONVERSION = YES;
				CLANG_WARN_OBJC_IMPLICIT_RETAIN_SELF = YES;
				CLANG_WARN_OBJC_LITERAL_CONVERSION = YES;
				CLANG_WARN_OBJC_ROOT_CLASS = YES_ERROR;
				CLANG_WARN_QUOTED_INCLUDE_IN_FRAMEWORK_HEADER = YES;
				CLANG_WARN_RANGE_LOOP_ANALYSIS = YES;
				CLANG_WARN_STRICT_PROTOTYPES = YES;
				CLANG_WARN_SUSPICIOUS_MOVE = YES;
				CLANG_WARN_UNGUARDED_AVAILABILITY = YES_AGGRESSIVE;
				CLANG_WARN_UNREACHABLE_CODE = YES;
				CLANG_WARN__DUPLICATE_METHOD_MATCH = YES;
				COPY_PHASE_STRIP = NO;
				DEBUG_INFORMATION_FORMAT = "dwarf-with-dsym";
				ENABLE_NS_ASSERTIONS = NO;
				ENABLE_STRICT_OBJC_MSGSEND = YES;
				GCC_C_LANGUAGE_STANDARD = gnu11;
				GCC_NO_COMMON_BLOCKS = YES;
				GCC_WARN_64_TO_32_BIT_CONVERSION = YES;
				GCC_WARN_ABOUT_RETURN_TYPE = YES_ERROR;
				GCC_WARN_UNDECLARED_SELECTOR = YES;
				GCC_WARN_UNINITIALIZED_AUTOS = YES_AGGRESSIVE;
				GCC_WARN_UNUSED_FUNCTION = YES;
				GCC_WARN_UNUSED_VARIABLE = YES;
				IPHONEOS_DEPLOYMENT_TARGET = 16.4;
				MTL_ENABLE_DEBUG_INFO = NO;
				MTL_FAST_MATH = YES;
				SDKROOT = iphoneos;
				SWIFT_COMPILATION_MODE = wholemodule;
				SWIFT_OPTIMIZATION_LEVEL = "-O";
				VALIDATE_PRODUCT = YES;
			};
			name = Release;
		};
		50C7AF3A2A39071A005A95CA /* Debug */ = {
			isa = XCBuildConfiguration;
			buildSettings = {
				ASSETCATALOG_COMPILER_APPICON_NAME = AppIcon;
				ASSETCATALOG_COMPILER_GLOBAL_ACCENT_COLOR_NAME = AccentColor;
				CODE_SIGN_STYLE = Automatic;
				CURRENT_PROJECT_VERSION = 1;
				DEVELOPMENT_ASSET_PATHS = "\"TodoAppSwiftUI/Preview Content\"";
				DEVELOPMENT_TEAM = T4RHZJK2YW;
				ENABLE_PREVIEWS = YES;
				GENERATE_INFOPLIST_FILE = YES;
				INFOPLIST_KEY_UIApplicationSceneManifest_Generation = YES;
				INFOPLIST_KEY_UIApplicationSupportsIndirectInputEvents = YES;
				INFOPLIST_KEY_UILaunchScreen_Generation = YES;
				INFOPLIST_KEY_UISupportedInterfaceOrientations_iPad = "UIInterfaceOrientationPortrait UIInterfaceOrientationPortraitUpsideDown UIInterfaceOrientationLandscapeLeft UIInterfaceOrientationLandscapeRight";
				INFOPLIST_KEY_UISupportedInterfaceOrientations_iPhone = "UIInterfaceOrientationPortrait UIInterfaceOrientationLandscapeLeft UIInterfaceOrientationLandscapeRight";
				LD_RUNPATH_SEARCH_PATHS = (
					"$(inherited)",
					"@executable_path/Frameworks",
				);
				MARKETING_VERSION = 1.0;
				PRODUCT_BUNDLE_IDENTIFIER = com.nicholaspilotto.TodoAppSwiftUI;
				PRODUCT_NAME = "$(TARGET_NAME)";
				SWIFT_EMIT_LOC_STRINGS = YES;
				SWIFT_VERSION = 5.0;
				TARGETED_DEVICE_FAMILY = "1,2";
			};
			name = Debug;
		};
		50C7AF3B2A39071A005A95CA /* Release */ = {
			isa = XCBuildConfiguration;
			buildSettings = {
				ASSETCATALOG_COMPILER_APPICON_NAME = AppIcon;
				ASSETCATALOG_COMPILER_GLOBAL_ACCENT_COLOR_NAME = AccentColor;
				CODE_SIGN_STYLE = Automatic;
				CURRENT_PROJECT_VERSION = 1;
				DEVELOPMENT_ASSET_PATHS = "\"TodoAppSwiftUI/Preview Content\"";
				DEVELOPMENT_TEAM = T4RHZJK2YW;
				ENABLE_PREVIEWS = YES;
				GENERATE_INFOPLIST_FILE = YES;
				INFOPLIST_KEY_UIApplicationSceneManifest_Generation = YES;
				INFOPLIST_KEY_UIApplicationSupportsIndirectInputEvents = YES;
				INFOPLIST_KEY_UILaunchScreen_Generation = YES;
				INFOPLIST_KEY_UISupportedInterfaceOrientations_iPad = "UIInterfaceOrientationPortrait UIInterfaceOrientationPortraitUpsideDown UIInterfaceOrientationLandscapeLeft UIInterfaceOrientationLandscapeRight";
				INFOPLIST_KEY_UISupportedInterfaceOrientations_iPhone = "UIInterfaceOrientationPortrait UIInterfaceOrientationLandscapeLeft UIInterfaceOrientationLandscapeRight";
				LD_RUNPATH_SEARCH_PATHS = (
					"$(inherited)",
					"@executable_path/Frameworks",
				);
				MARKETING_VERSION = 1.0;
				PRODUCT_BUNDLE_IDENTIFIER = com.nicholaspilotto.TodoAppSwiftUI;
				PRODUCT_NAME = "$(TARGET_NAME)";
				SWIFT_EMIT_LOC_STRINGS = YES;
				SWIFT_VERSION = 5.0;
				TARGETED_DEVICE_FAMILY = "1,2";
			};
			name = Release;
		};
		50C7AF3D2A39071A005A95CA /* Debug */ = {
			isa = XCBuildConfiguration;
			buildSettings = {
				ALWAYS_EMBED_SWIFT_STANDARD_LIBRARIES = YES;
				BUNDLE_LOADER = "$(TEST_HOST)";
				CODE_SIGN_STYLE = Automatic;
				CURRENT_PROJECT_VERSION = 1;
				DEVELOPMENT_TEAM = T4RHZJK2YW;
				GENERATE_INFOPLIST_FILE = YES;
				IPHONEOS_DEPLOYMENT_TARGET = 16.4;
				MARKETING_VERSION = 1.0;
				PRODUCT_BUNDLE_IDENTIFIER = com.nicholaspilotto.TodoAppSwiftUITests;
				PRODUCT_NAME = "$(TARGET_NAME)";
				SWIFT_EMIT_LOC_STRINGS = NO;
				SWIFT_VERSION = 5.0;
				TARGETED_DEVICE_FAMILY = "1,2";
				TEST_HOST = "$(BUILT_PRODUCTS_DIR)/TodoAppSwiftUI.app/$(BUNDLE_EXECUTABLE_FOLDER_PATH)/TodoAppSwiftUI";
			};
			name = Debug;
		};
		50C7AF3E2A39071A005A95CA /* Release */ = {
			isa = XCBuildConfiguration;
			buildSettings = {
				ALWAYS_EMBED_SWIFT_STANDARD_LIBRARIES = YES;
				BUNDLE_LOADER = "$(TEST_HOST)";
				CODE_SIGN_STYLE = Automatic;
				CURRENT_PROJECT_VERSION = 1;
				DEVELOPMENT_TEAM = T4RHZJK2YW;
				GENERATE_INFOPLIST_FILE = YES;
				IPHONEOS_DEPLOYMENT_TARGET = 16.4;
				MARKETING_VERSION = 1.0;
				PRODUCT_BUNDLE_IDENTIFIER = com.nicholaspilotto.TodoAppSwiftUITests;
				PRODUCT_NAME = "$(TARGET_NAME)";
				SWIFT_EMIT_LOC_STRINGS = NO;
				SWIFT_VERSION = 5.0;
				TARGETED_DEVICE_FAMILY = "1,2";
				TEST_HOST = "$(BUILT_PRODUCTS_DIR)/TodoAppSwiftUI.app/$(BUNDLE_EXECUTABLE_FOLDER_PATH)/TodoAppSwiftUI";
			};
			name = Release;
		};
		50C7AF402A39071A005A95CA /* Debug */ = {
			isa = XCBuildConfiguration;
			buildSettings = {
				ALWAYS_EMBED_SWIFT_STANDARD_LIBRARIES = YES;
				CODE_SIGN_STYLE = Automatic;
				CURRENT_PROJECT_VERSION = 1;
				DEVELOPMENT_TEAM = T4RHZJK2YW;
				GENERATE_INFOPLIST_FILE = YES;
				MARKETING_VERSION = 1.0;
				PRODUCT_BUNDLE_IDENTIFIER = com.nicholaspilotto.TodoAppSwiftUIUITests;
				PRODUCT_NAME = "$(TARGET_NAME)";
				SWIFT_EMIT_LOC_STRINGS = NO;
				SWIFT_VERSION = 5.0;
				TARGETED_DEVICE_FAMILY = "1,2";
				TEST_TARGET_NAME = TodoAppSwiftUI;
			};
			name = Debug;
		};
		50C7AF412A39071A005A95CA /* Release */ = {
			isa = XCBuildConfiguration;
			buildSettings = {
				ALWAYS_EMBED_SWIFT_STANDARD_LIBRARIES = YES;
				CODE_SIGN_STYLE = Automatic;
				CURRENT_PROJECT_VERSION = 1;
				DEVELOPMENT_TEAM = T4RHZJK2YW;
				GENERATE_INFOPLIST_FILE = YES;
				MARKETING_VERSION = 1.0;
				PRODUCT_BUNDLE_IDENTIFIER = com.nicholaspilotto.TodoAppSwiftUIUITests;
				PRODUCT_NAME = "$(TARGET_NAME)";
				SWIFT_EMIT_LOC_STRINGS = NO;
				SWIFT_VERSION = 5.0;
				TARGETED_DEVICE_FAMILY = "1,2";
				TEST_TARGET_NAME = TodoAppSwiftUI;
			};
			name = Release;
		};
/* End XCBuildConfiguration section */

/* Begin XCConfigurationList section */
		50C7AF102A390719005A95CA /* Build configuration list for PBXProject "TodoAppSwiftUI" */ = {
			isa = XCConfigurationList;
			buildConfigurations = (
				50C7AF372A39071A005A95CA /* Debug */,
				50C7AF382A39071A005A95CA /* Release */,
			);
			defaultConfigurationIsVisible = 0;
			defaultConfigurationName = Release;
		};
		50C7AF392A39071A005A95CA /* Build configuration list for PBXNativeTarget "TodoAppSwiftUI" */ = {
			isa = XCConfigurationList;
			buildConfigurations = (
				50C7AF3A2A39071A005A95CA /* Debug */,
				50C7AF3B2A39071A005A95CA /* Release */,
			);
			defaultConfigurationIsVisible = 0;
			defaultConfigurationName = Release;
		};
		50C7AF3C2A39071A005A95CA /* Build configuration list for PBXNativeTarget "TodoAppSwiftUITests" */ = {
			isa = XCConfigurationList;
			buildConfigurations = (
				50C7AF3D2A39071A005A95CA /* Debug */,
				50C7AF3E2A39071A005A95CA /* Release */,
			);
			defaultConfigurationIsVisible = 0;
			defaultConfigurationName = Release;
		};
		50C7AF3F2A39071A005A95CA /* Build configuration list for PBXNativeTarget "TodoAppSwiftUIUITests" */ = {
			isa = XCConfigurationList;
			buildConfigurations = (
				50C7AF402A39071A005A95CA /* Debug */,
				50C7AF412A39071A005A95CA /* Release */,
			);
			defaultConfigurationIsVisible = 0;
			defaultConfigurationName = Release;
		};
/* End XCConfigurationList section */
	};
	rootObject = 50C7AF0D2A390719005A95CA /* Project object */;
}
